
Microsoft Visual Studio Solution File, Format Version 12.00
# Visual Studio Version 16
VisualStudioVersion = 16.0.810.8
MinimumVisualStudioVersion = 10.0.40219.1
Project("{FAE04EC0-301F-11D3-BF4B-00C04F79EFBC}") = "TodoApi", "TodoApi\TodoApi.csproj", "{CB888FB6-2F29-45EF-925F-762CEAD121AF}"
EndProject
Project("{FAE04EC0-301F-11D3-BF4B-00C04F79EFBC}") = "TodoApi.Tests", "TodoApi.Tests\TodoApi.Tests.csproj", "{9AE62FF5-072E-4447-8934-FFAE0D829496}"
EndProject
Global
	GlobalSection(SolutionConfigurationPlatforms) = preSolution
		Debug|Any CPU = Debug|Any CPU
		Release|Any CPU = Release|Any CPU
	EndGlobalSection
	GlobalSection(ProjectConfigurationPlatforms) = postSolution
		{CB888FB6-2F29-45EF-925F-762CEAD121AF}.Debug|Any CPU.ActiveCfg = Debug|Any CPU
		{CB888FB6-2F29-45EF-925F-762CEAD121AF}.Debug|Any CPU.Build.0 = Debug|Any CPU
		{CB888FB6-2F29-45EF-925F-762CEAD121AF}.Release|Any CPU.ActiveCfg = Release|Any CPU
		{CB888FB6-2F29-45EF-925F-762CEAD121AF}.Release|Any CPU.Build.0 = Release|Any CPU
		{9AE62FF5-072E-4447-8934-FFAE0D829496}.Debug|Any CPU.ActiveCfg = Debug|Any CPU
		{9AE62FF5-072E-4447-8934-FFAE0D829496}.Debug|Any CPU.Build.0 = Debug|Any CPU
		{9AE62FF5-072E-4447-8934-FFAE0D829496}.Release|Any CPU.ActiveCfg = Release|Any CPU
		{9AE62FF5-072E-4447-8934-FFAE0D829496}.Release|Any CPU.Build.0 = Release|Any CPU
	EndGlobalSection
	GlobalSection(SolutionProperties) = preSolution
		HideSolutionNode = FALSE
	EndGlobalSection
	GlobalSection(ExtensibilityGlobals) = postSolution
		SolutionGuid = {37D7CCFD-87C8-44FD-BC37-73813294977E}
	EndGlobalSection
EndGlobal
